
Microsoft Visual Studio Solution File, Format Version 12.00
# Visual Studio Version 17
VisualStudioVersion = 17.3.32929.385
MinimumVisualStudioVersion = 10.0.40219.1
Project("{FAE04EC0-301F-11D3-BF4B-00C04F79EFBC}") = "Day 8 -  Journal Challenge", "Day 8 -  Unfamiliar Challenge\Day 8 -  Journal Challenge.csproj", "{773FDAC5-E2AA-4A5B-B9EA-654F9E9F848B}"
EndProject
Global
	GlobalSection(SolutionConfigurationPlatforms) = preSolution
		Debug|Any CPU = Debug|Any CPU
		Release|Any CPU = Release|Any CPU
	EndGlobalSection
	GlobalSection(ProjectConfigurationPlatforms) = postSolution
		{773FDAC5-E2AA-4A5B-B9EA-654F9E9F848B}.Debug|Any CPU.ActiveCfg = Debug|Any CPU
		{773FDAC5-E2AA-4A5B-B9EA-654F9E9F848B}.Debug|Any CPU.Build.0 = Debug|Any CPU
		{773FDAC5-E2AA-4A5B-B9EA-654F9E9F848B}.Release|Any CPU.ActiveCfg = Release|Any CPU
		{773FDAC5-E2AA-4A5B-B9EA-654F9E9F848B}.Release|Any CPU.Build.0 = Release|Any CPU
	EndGlobalSection
	GlobalSection(SolutionProperties) = preSolution
		HideSolutionNode = FALSE
	EndGlobalSection
	GlobalSection(ExtensibilityGlobals) = postSolution
		SolutionGuid = {0C16FDFE-FA99-4E19-9726-234ED750AD2E}
	EndGlobalSection
EndGlobal
