
Microsoft Visual Studio Solution File, Format Version 12.00
# Visual Studio Version 17
VisualStudioVersion = 17.3.32929.385
MinimumVisualStudioVersion = 10.0.40219.1
Project("{FAE04EC0-301F-11D3-BF4B-00C04F79EFBC}") = "Day 10 - Grocery App", "Day 10 - Grocery App\Day 10 - Grocery App.csproj", "{0D3526FB-EDCC-4D3C-89F6-64421336D238}"
EndProject
Global
	GlobalSection(SolutionConfigurationPlatforms) = preSolution
		Debug|Any CPU = Debug|Any CPU
		Release|Any CPU = Release|Any CPU
	EndGlobalSection
	GlobalSection(ProjectConfigurationPlatforms) = postSolution
		{0D3526FB-EDCC-4D3C-89F6-64421336D238}.Debug|Any CPU.ActiveCfg = Debug|Any CPU
		{0D3526FB-EDCC-4D3C-89F6-64421336D238}.Debug|Any CPU.Build.0 = Debug|Any CPU
		{0D3526FB-EDCC-4D3C-89F6-64421336D238}.Release|Any CPU.ActiveCfg = Release|Any CPU
		{0D3526FB-EDCC-4D3C-89F6-64421336D238}.Release|Any CPU.Build.0 = Release|Any CPU
	EndGlobalSection
	GlobalSection(SolutionProperties) = preSolution
		HideSolutionNode = FALSE
	EndGlobalSection
	GlobalSection(ExtensibilityGlobals) = postSolution
		SolutionGuid = {185F1120-2300-467E-B010-1977A15034E7}
	EndGlobalSection
EndGlobal
